
Microsoft Visual Studio Solution File, Format Version 12.00
# Visual Studio Version 17
VisualStudioVersion = 17.8.34316.72
MinimumVisualStudioVersion = 10.0.40219.1
Project("{8BC9CEB8-8B4A-11D0-8D11-00A0C91BC942}") = "101", "101.vcxproj", "{6B4E941F-77D2-4A3C-BF42-5D29366F2B22}"
EndProject
Global
	GlobalSection(SolutionConfigurationPlatforms) = preSolution
		Debug|x64 = Debug|x64
		Debug|x86 = Debug|x86
		Release|x64 = Release|x64
		Release|x86 = Release|x86
	EndGlobalSection
	GlobalSection(ProjectConfigurationPlatforms) = postSolution
		{6B4E941F-77D2-4A3C-BF42-5D29366F2B22}.Debug|x64.ActiveCfg = Debug|x64
		{6B4E941F-77D2-4A3C-BF42-5D29366F2B22}.Debug|x64.Build.0 = Debug|x64
		{6B4E941F-77D2-4A3C-BF42-5D29366F2B22}.Debug|x86.ActiveCfg = Debug|Win32
		{6B4E941F-77D2-4A3C-BF42-5D29366F2B22}.Debug|x86.Build.0 = Debug|Win32
		{6B4E941F-77D2-4A3C-BF42-5D29366F2B22}.Release|x64.ActiveCfg = Release|x64
		{6B4E941F-77D2-4A3C-BF42-5D29366F2B22}.Release|x64.Build.0 = Release|x64
		{6B4E941F-77D2-4A3C-BF42-5D29366F2B22}.Release|x86.ActiveCfg = Release|Win32
		{6B4E941F-77D2-4A3C-BF42-5D29366F2B22}.Release|x86.Build.0 = Release|Win32
	EndGlobalSection
	GlobalSection(SolutionProperties) = preSolution
		HideSolutionNode = FALSE
	EndGlobalSection
	GlobalSection(ExtensibilityGlobals) = postSolution
		SolutionGuid = {DB263C3A-91C7-4791-93AC-6BC50A453BCC}
	EndGlobalSection
EndGlobal
